// !$*UTF8*$!
{
	archiveVersion = 1;
	classes = {
	};
	objectVersion = 46;
	objects = {

/* Begin PBXBuildFile section */
		580A14351A85D4CE00259209 /* SAVFeedDetailView.m in Sources */ = {isa = PBXBuildFile; fileRef = 580A14341A85D4CE00259209 /* SAVFeedDetailView.m */; };
		580A14371A85D62800259209 /* SAVFeedDetailView.xib in Resources */ = {isa = PBXBuildFile; fileRef = 580A14361A85D62800259209 /* SAVFeedDetailView.xib */; };
		583214351A85B29300CBBBA5 /* AudioToolbox.framework in Frameworks */ = {isa = PBXBuildFile; fileRef = 5832142A1A85B29300CBBBA5 /* AudioToolbox.framework */; };
		583214361A85B29300CBBBA5 /* CFNetwork.framework in Frameworks */ = {isa = PBXBuildFile; fileRef = 5832142B1A85B29300CBBBA5 /* CFNetwork.framework */; };
		583214371A85B29300CBBBA5 /* CoreGraphics.framework in Frameworks */ = {isa = PBXBuildFile; fileRef = 5832142C1A85B29300CBBBA5 /* CoreGraphics.framework */; };
		583214381A85B29300CBBBA5 /* CoreLocation.framework in Frameworks */ = {isa = PBXBuildFile; fileRef = 5832142D1A85B29300CBBBA5 /* CoreLocation.framework */; };
		583214391A85B29300CBBBA5 /* libsqlite3.dylib in Frameworks */ = {isa = PBXBuildFile; fileRef = 5832142E1A85B29300CBBBA5 /* libsqlite3.dylib */; };
		5832143A1A85B29300CBBBA5 /* libz.dylib in Frameworks */ = {isa = PBXBuildFile; fileRef = 5832142F1A85B29300CBBBA5 /* libz.dylib */; };
		5832143B1A85B29300CBBBA5 /* MobileCoreServices.framework in Frameworks */ = {isa = PBXBuildFile; fileRef = 583214301A85B29300CBBBA5 /* MobileCoreServices.framework */; };
		5832143C1A85B29300CBBBA5 /* QuartzCore.framework in Frameworks */ = {isa = PBXBuildFile; fileRef = 583214311A85B29300CBBBA5 /* QuartzCore.framework */; };
		5832143D1A85B29300CBBBA5 /* Security.framework in Frameworks */ = {isa = PBXBuildFile; fileRef = 583214321A85B29300CBBBA5 /* Security.framework */; };
		5832143E1A85B29300CBBBA5 /* StoreKit.framework in Frameworks */ = {isa = PBXBuildFile; fileRef = 583214331A85B29300CBBBA5 /* StoreKit.framework */; };
		5832143F1A85B29300CBBBA5 /* SystemConfiguration.framework in Frameworks */ = {isa = PBXBuildFile; fileRef = 583214341A85B29300CBBBA5 /* SystemConfiguration.framework */; };
		583214491A85B3B000CBBBA5 /* Parse.framework in Frameworks */ = {isa = PBXBuildFile; fileRef = 583214481A85B3B000CBBBA5 /* Parse.framework */; };
		5832144E1A85B43000CBBBA5 /* DataCenter.m in Sources */ = {isa = PBXBuildFile; fileRef = 5832144D1A85B43000CBBBA5 /* DataCenter.m */; };
		583214521A85B44F00CBBBA5 /* Deal.m in Sources */ = {isa = PBXBuildFile; fileRef = 583214511A85B44F00CBBBA5 /* Deal.m */; };
		8AF2F3FA1A863B0200C2D430 /* e78827edf76ccdd53a35747574ce3417.jpg in Resources */ = {isa = PBXBuildFile; fileRef = 8AF2F3F91A863B0200C2D430 /* e78827edf76ccdd53a35747574ce3417.jpg */; };
		8AF2F4001A86467D00C2D430 /* SAVAddViewController.xib in Resources */ = {isa = PBXBuildFile; fileRef = 8AF2F3FF1A86467D00C2D430 /* SAVAddViewController.xib */; };
		EB0B67D01A857FAB00156759 /* main.m in Sources */ = {isa = PBXBuildFile; fileRef = EB0B67CF1A857FAB00156759 /* main.m */; };
		EB0B67D31A857FAB00156759 /* AppDelegate.m in Sources */ = {isa = PBXBuildFile; fileRef = EB0B67D21A857FAB00156759 /* AppDelegate.m */; };
		EB0B67DB1A857FAB00156759 /* Images.xcassets in Resources */ = {isa = PBXBuildFile; fileRef = EB0B67DA1A857FAB00156759 /* Images.xcassets */; };
		EB0B67EA1A857FAC00156759 /* TartanHacksTests.m in Sources */ = {isa = PBXBuildFile; fileRef = EB0B67E91A857FAC00156759 /* TartanHacksTests.m */; };
		EB120B3F1A85CC3800A7318F /* SAVTabBarController.m in Sources */ = {isa = PBXBuildFile; fileRef = EB120B3D1A85CC3800A7318F /* SAVTabBarController.m */; };
		EB120B401A85CC3800A7318F /* SAVTabBarController.xib in Resources */ = {isa = PBXBuildFile; fileRef = EB120B3E1A85CC3800A7318F /* SAVTabBarController.xib */; };
		EB120B421A85DFFF00A7318F /* ParseFacebookUtils.framework in Frameworks */ = {isa = PBXBuildFile; fileRef = EB120B411A85DFFF00A7318F /* ParseFacebookUtils.framework */; };
		EB120B461A85F7E600A7318F /* SAVSettingsViewController.m in Sources */ = {isa = PBXBuildFile; fileRef = EB120B441A85F7E600A7318F /* SAVSettingsViewController.m */; };
		EB120B471A85F7E600A7318F /* SAVSettingsViewController.xib in Resources */ = {isa = PBXBuildFile; fileRef = EB120B451A85F7E600A7318F /* SAVSettingsViewController.xib */; };
		EB120B491A85FFFB00A7318F /* GoogleMaps.framework in Frameworks */ = {isa = PBXBuildFile; fileRef = EB120B481A85FFFB00A7318F /* GoogleMaps.framework */; };
		EB120B4B1A86002A00A7318F /* GoogleMaps.bundle in Resources */ = {isa = PBXBuildFile; fileRef = EB120B4A1A86002A00A7318F /* GoogleMaps.bundle */; };
		EB120B4D1A86005000A7318F /* AVFoundation.framework in Frameworks */ = {isa = PBXBuildFile; fileRef = EB120B4C1A86005000A7318F /* AVFoundation.framework */; };
		EB120B4F1A86005B00A7318F /* CoreData.framework in Frameworks */ = {isa = PBXBuildFile; fileRef = EB120B4E1A86005B00A7318F /* CoreData.framework */; };
		EB120B511A86006400A7318F /* CoreText.framework in Frameworks */ = {isa = PBXBuildFile; fileRef = EB120B501A86006400A7318F /* CoreText.framework */; };
		EB120B531A86006E00A7318F /* GLKit.framework in Frameworks */ = {isa = PBXBuildFile; fileRef = EB120B521A86006E00A7318F /* GLKit.framework */; };
		EB120B551A86007800A7318F /* ImageIO.framework in Frameworks */ = {isa = PBXBuildFile; fileRef = EB120B541A86007800A7318F /* ImageIO.framework */; };
		EB120B571A86009200A7318F /* libc++.dylib in Frameworks */ = {isa = PBXBuildFile; fileRef = EB120B561A86009200A7318F /* libc++.dylib */; };
		EB120B591A86009B00A7318F /* libicucore.dylib in Frameworks */ = {isa = PBXBuildFile; fileRef = EB120B581A86009B00A7318F /* libicucore.dylib */; };
		EB120B5B1A8600A900A7318F /* OpenGLES.framework in Frameworks */ = {isa = PBXBuildFile; fileRef = EB120B5A1A8600A800A7318F /* OpenGLES.framework */; };
		EB120B5D1A86031400A7318F /* Social.framework in Frameworks */ = {isa = PBXBuildFile; fileRef = EB120B5C1A86031400A7318F /* Social.framework */; };
		EB120B5F1A86031B00A7318F /* Accounts.framework in Frameworks */ = {isa = PBXBuildFile; fileRef = EB120B5E1A86031B00A7318F /* Accounts.framework */; };
		EB19EF851A85B74200AA7E24 /* FacebookSDK.framework in Frameworks */ = {isa = PBXBuildFile; fileRef = EB19EF841A85B74200AA7E24 /* FacebookSDK.framework */; };
		EB19EF881A85B8F800AA7E24 /* SAVLoginViewController.m in Sources */ = {isa = PBXBuildFile; fileRef = EB19EF871A85B8F800AA7E24 /* SAVLoginViewController.m */; };
		F5A4D2101A85BCFE00FC353F /* SAVFeedViewController.m in Sources */ = {isa = PBXBuildFile; fileRef = F5A4D20F1A85BCFE00FC353F /* SAVFeedViewController.m */; };
		F5A4D2131A85BD0D00FC353F /* SAVHistoryViewController.m in Sources */ = {isa = PBXBuildFile; fileRef = F5A4D2121A85BD0D00FC353F /* SAVHistoryViewController.m */; };
		F5A4D2171A85BD1D00FC353F /* SAVAddViewController.m in Sources */ = {isa = PBXBuildFile; fileRef = F5A4D2151A85BD1D00FC353F /* SAVAddViewController.m */; };
		F5A4D21C1A85BEAB00FC353F /* SAVFeedTableViewCell.m in Sources */ = {isa = PBXBuildFile; fileRef = F5A4D21A1A85BEAB00FC353F /* SAVFeedTableViewCell.m */; };
		F5A4D21D1A85BEAB00FC353F /* SAVFeedTableViewCell.xib in Resources */ = {isa = PBXBuildFile; fileRef = F5A4D21B1A85BEAB00FC353F /* SAVFeedTableViewCell.xib */; };
		F5A4D2261A85D6CC00FC353F /* SAVHistoryTableViewCell.m in Sources */ = {isa = PBXBuildFile; fileRef = F5A4D2241A85D6CC00FC353F /* SAVHistoryTableViewCell.m */; };
		F5A4D2271A85D6CC00FC353F /* SAVHistoryTableViewCell.xib in Resources */ = {isa = PBXBuildFile; fileRef = F5A4D2251A85D6CC00FC353F /* SAVHistoryTableViewCell.xib */; };
		F5A4D22B1A85DB5300FC353F /* SAVHistoryDetailViewController.m in Sources */ = {isa = PBXBuildFile; fileRef = F5A4D2291A85DB5300FC353F /* SAVHistoryDetailViewController.m */; };
		F5A4D22C1A85DB5300FC353F /* SAVHistoryDetailViewController.xib in Resources */ = {isa = PBXBuildFile; fileRef = F5A4D22A1A85DB5300FC353F /* SAVHistoryDetailViewController.xib */; };
/* End PBXBuildFile section */

/* Begin PBXContainerItemProxy section */
		EB0B67E41A857FAC00156759 /* PBXContainerItemProxy */ = {
			isa = PBXContainerItemProxy;
			containerPortal = EB0B67C21A857FAB00156759 /* Project object */;
			proxyType = 1;
			remoteGlobalIDString = EB0B67C91A857FAB00156759;
			remoteInfo = TartanHacks;
		};
/* End PBXContainerItemProxy section */

/* Begin PBXFileReference section */
		580A14331A85D4CE00259209 /* SAVFeedDetailView.h */ = {isa = PBXFileReference; fileEncoding = 4; lastKnownFileType = sourcecode.c.h; path = SAVFeedDetailView.h; sourceTree = "<group>"; };
		580A14341A85D4CE00259209 /* SAVFeedDetailView.m */ = {isa = PBXFileReference; fileEncoding = 4; lastKnownFileType = sourcecode.c.objc; path = SAVFeedDetailView.m; sourceTree = "<group>"; };
		580A14361A85D62800259209 /* SAVFeedDetailView.xib */ = {isa = PBXFileReference; fileEncoding = 4; lastKnownFileType = file.xib; path = SAVFeedDetailView.xib; sourceTree = "<group>"; };
		5832142A1A85B29300CBBBA5 /* AudioToolbox.framework */ = {isa = PBXFileReference; lastKnownFileType = wrapper.framework; name = AudioToolbox.framework; path = System/Library/Frameworks/AudioToolbox.framework; sourceTree = SDKROOT; };
		5832142B1A85B29300CBBBA5 /* CFNetwork.framework */ = {isa = PBXFileReference; lastKnownFileType = wrapper.framework; name = CFNetwork.framework; path = System/Library/Frameworks/CFNetwork.framework; sourceTree = SDKROOT; };
		5832142C1A85B29300CBBBA5 /* CoreGraphics.framework */ = {isa = PBXFileReference; lastKnownFileType = wrapper.framework; name = CoreGraphics.framework; path = System/Library/Frameworks/CoreGraphics.framework; sourceTree = SDKROOT; };
		5832142D1A85B29300CBBBA5 /* CoreLocation.framework */ = {isa = PBXFileReference; lastKnownFileType = wrapper.framework; name = CoreLocation.framework; path = System/Library/Frameworks/CoreLocation.framework; sourceTree = SDKROOT; };
		5832142E1A85B29300CBBBA5 /* libsqlite3.dylib */ = {isa = PBXFileReference; lastKnownFileType = "compiled.mach-o.dylib"; name = libsqlite3.dylib; path = usr/lib/libsqlite3.dylib; sourceTree = SDKROOT; };
		5832142F1A85B29300CBBBA5 /* libz.dylib */ = {isa = PBXFileReference; lastKnownFileType = "compiled.mach-o.dylib"; name = libz.dylib; path = usr/lib/libz.dylib; sourceTree = SDKROOT; };
		583214301A85B29300CBBBA5 /* MobileCoreServices.framework */ = {isa = PBXFileReference; lastKnownFileType = wrapper.framework; name = MobileCoreServices.framework; path = System/Library/Frameworks/MobileCoreServices.framework; sourceTree = SDKROOT; };
		583214311A85B29300CBBBA5 /* QuartzCore.framework */ = {isa = PBXFileReference; lastKnownFileType = wrapper.framework; name = QuartzCore.framework; path = System/Library/Frameworks/QuartzCore.framework; sourceTree = SDKROOT; };
		583214321A85B29300CBBBA5 /* Security.framework */ = {isa = PBXFileReference; lastKnownFileType = wrapper.framework; name = Security.framework; path = System/Library/Frameworks/Security.framework; sourceTree = SDKROOT; };
		583214331A85B29300CBBBA5 /* StoreKit.framework */ = {isa = PBXFileReference; lastKnownFileType = wrapper.framework; name = StoreKit.framework; path = System/Library/Frameworks/StoreKit.framework; sourceTree = SDKROOT; };
		583214341A85B29300CBBBA5 /* SystemConfiguration.framework */ = {isa = PBXFileReference; lastKnownFileType = wrapper.framework; name = SystemConfiguration.framework; path = System/Library/Frameworks/SystemConfiguration.framework; sourceTree = SDKROOT; };
		583214481A85B3B000CBBBA5 /* Parse.framework */ = {isa = PBXFileReference; lastKnownFileType = wrapper.framework; path = Parse.framework; sourceTree = "<group>"; };
		5832144C1A85B43000CBBBA5 /* DataCenter.h */ = {isa = PBXFileReference; fileEncoding = 4; lastKnownFileType = sourcecode.c.h; path = DataCenter.h; sourceTree = "<group>"; };
		5832144D1A85B43000CBBBA5 /* DataCenter.m */ = {isa = PBXFileReference; fileEncoding = 4; lastKnownFileType = sourcecode.c.objc; path = DataCenter.m; sourceTree = "<group>"; };
		583214501A85B44F00CBBBA5 /* Deal.h */ = {isa = PBXFileReference; fileEncoding = 4; lastKnownFileType = sourcecode.c.h; path = Deal.h; sourceTree = "<group>"; };
		583214511A85B44F00CBBBA5 /* Deal.m */ = {isa = PBXFileReference; fileEncoding = 4; lastKnownFileType = sourcecode.c.objc; path = Deal.m; sourceTree = "<group>"; };
		8AF2F3F91A863B0200C2D430 /* e78827edf76ccdd53a35747574ce3417.jpg */ = {isa = PBXFileReference; lastKnownFileType = image.jpeg; path = e78827edf76ccdd53a35747574ce3417.jpg; sourceTree = "<group>"; };
		8AF2F3FF1A86467D00C2D430 /* SAVAddViewController.xib */ = {isa = PBXFileReference; fileEncoding = 4; lastKnownFileType = file.xib; path = SAVAddViewController.xib; sourceTree = "<group>"; };
		EB0B67CA1A857FAB00156759 /* TartanHacks.app */ = {isa = PBXFileReference; explicitFileType = wrapper.application; includeInIndex = 0; path = TartanHacks.app; sourceTree = BUILT_PRODUCTS_DIR; };
		EB0B67CE1A857FAB00156759 /* Info.plist */ = {isa = PBXFileReference; lastKnownFileType = text.plist.xml; path = Info.plist; sourceTree = "<group>"; };
		EB0B67CF1A857FAB00156759 /* main.m */ = {isa = PBXFileReference; lastKnownFileType = sourcecode.c.objc; path = main.m; sourceTree = "<group>"; };
		EB0B67D11A857FAB00156759 /* AppDelegate.h */ = {isa = PBXFileReference; lastKnownFileType = sourcecode.c.h; path = AppDelegate.h; sourceTree = "<group>"; };
		EB0B67D21A857FAB00156759 /* AppDelegate.m */ = {isa = PBXFileReference; lastKnownFileType = sourcecode.c.objc; path = AppDelegate.m; sourceTree = "<group>"; };
		EB0B67DA1A857FAB00156759 /* Images.xcassets */ = {isa = PBXFileReference; lastKnownFileType = folder.assetcatalog; path = Images.xcassets; sourceTree = "<group>"; };
		EB0B67E31A857FAC00156759 /* TartanHacksTests.xctest */ = {isa = PBXFileReference; explicitFileType = wrapper.cfbundle; includeInIndex = 0; path = TartanHacksTests.xctest; sourceTree = BUILT_PRODUCTS_DIR; };
		EB0B67E81A857FAC00156759 /* Info.plist */ = {isa = PBXFileReference; lastKnownFileType = text.plist.xml; path = Info.plist; sourceTree = "<group>"; };
		EB0B67E91A857FAC00156759 /* TartanHacksTests.m */ = {isa = PBXFileReference; lastKnownFileType = sourcecode.c.objc; path = TartanHacksTests.m; sourceTree = "<group>"; };
		EB120B3C1A85CC3800A7318F /* SAVTabBarController.h */ = {isa = PBXFileReference; fileEncoding = 4; lastKnownFileType = sourcecode.c.h; path = SAVTabBarController.h; sourceTree = "<group>"; };
		EB120B3D1A85CC3800A7318F /* SAVTabBarController.m */ = {isa = PBXFileReference; fileEncoding = 4; lastKnownFileType = sourcecode.c.objc; path = SAVTabBarController.m; sourceTree = "<group>"; };
		EB120B3E1A85CC3800A7318F /* SAVTabBarController.xib */ = {isa = PBXFileReference; fileEncoding = 4; lastKnownFileType = file.xib; path = SAVTabBarController.xib; sourceTree = "<group>"; };
		EB120B411A85DFFF00A7318F /* ParseFacebookUtils.framework */ = {isa = PBXFileReference; lastKnownFileType = wrapper.framework; path = ParseFacebookUtils.framework; sourceTree = "<group>"; };
		EB120B431A85F7E600A7318F /* SAVSettingsViewController.h */ = {isa = PBXFileReference; fileEncoding = 4; lastKnownFileType = sourcecode.c.h; path = SAVSettingsViewController.h; sourceTree = "<group>"; };
		EB120B441A85F7E600A7318F /* SAVSettingsViewController.m */ = {isa = PBXFileReference; fileEncoding = 4; lastKnownFileType = sourcecode.c.objc; path = SAVSettingsViewController.m; sourceTree = "<group>"; };
		EB120B451A85F7E600A7318F /* SAVSettingsViewController.xib */ = {isa = PBXFileReference; fileEncoding = 4; lastKnownFileType = file.xib; path = SAVSettingsViewController.xib; sourceTree = "<group>"; };
		EB120B481A85FFFB00A7318F /* GoogleMaps.framework */ = {isa = PBXFileReference; lastKnownFileType = wrapper.framework; path = GoogleMaps.framework; sourceTree = "<group>"; };
		EB120B4A1A86002A00A7318F /* GoogleMaps.bundle */ = {isa = PBXFileReference; lastKnownFileType = "wrapper.plug-in"; path = GoogleMaps.bundle; sourceTree = "<group>"; };
		EB120B4C1A86005000A7318F /* AVFoundation.framework */ = {isa = PBXFileReference; lastKnownFileType = wrapper.framework; name = AVFoundation.framework; path = System/Library/Frameworks/AVFoundation.framework; sourceTree = SDKROOT; };
		EB120B4E1A86005B00A7318F /* CoreData.framework */ = {isa = PBXFileReference; lastKnownFileType = wrapper.framework; name = CoreData.framework; path = System/Library/Frameworks/CoreData.framework; sourceTree = SDKROOT; };
		EB120B501A86006400A7318F /* CoreText.framework */ = {isa = PBXFileReference; lastKnownFileType = wrapper.framework; name = CoreText.framework; path = System/Library/Frameworks/CoreText.framework; sourceTree = SDKROOT; };
		EB120B521A86006E00A7318F /* GLKit.framework */ = {isa = PBXFileReference; lastKnownFileType = wrapper.framework; name = GLKit.framework; path = System/Library/Frameworks/GLKit.framework; sourceTree = SDKROOT; };
		EB120B541A86007800A7318F /* ImageIO.framework */ = {isa = PBXFileReference; lastKnownFileType = wrapper.framework; name = ImageIO.framework; path = System/Library/Frameworks/ImageIO.framework; sourceTree = SDKROOT; };
		EB120B561A86009200A7318F /* libc++.dylib */ = {isa = PBXFileReference; lastKnownFileType = "compiled.mach-o.dylib"; name = "libc++.dylib"; path = "usr/lib/libc++.dylib"; sourceTree = SDKROOT; };
		EB120B581A86009B00A7318F /* libicucore.dylib */ = {isa = PBXFileReference; lastKnownFileType = "compiled.mach-o.dylib"; name = libicucore.dylib; path = usr/lib/libicucore.dylib; sourceTree = SDKROOT; };
		EB120B5A1A8600A800A7318F /* OpenGLES.framework */ = {isa = PBXFileReference; lastKnownFileType = wrapper.framework; name = OpenGLES.framework; path = System/Library/Frameworks/OpenGLES.framework; sourceTree = SDKROOT; };
		EB120B5C1A86031400A7318F /* Social.framework */ = {isa = PBXFileReference; lastKnownFileType = wrapper.framework; name = Social.framework; path = System/Library/Frameworks/Social.framework; sourceTree = SDKROOT; };
		EB120B5E1A86031B00A7318F /* Accounts.framework */ = {isa = PBXFileReference; lastKnownFileType = wrapper.framework; name = Accounts.framework; path = System/Library/Frameworks/Accounts.framework; sourceTree = SDKROOT; };
		EB19EF841A85B74200AA7E24 /* FacebookSDK.framework */ = {isa = PBXFileReference; lastKnownFileType = wrapper.framework; path = FacebookSDK.framework; sourceTree = "<group>"; };
		EB19EF861A85B8F800AA7E24 /* SAVLoginViewController.h */ = {isa = PBXFileReference; fileEncoding = 4; lastKnownFileType = sourcecode.c.h; path = SAVLoginViewController.h; sourceTree = "<group>"; };
		EB19EF871A85B8F800AA7E24 /* SAVLoginViewController.m */ = {isa = PBXFileReference; fileEncoding = 4; lastKnownFileType = sourcecode.c.objc; path = SAVLoginViewController.m; sourceTree = "<group>"; };
		F5A4D20E1A85BCFE00FC353F /* SAVFeedViewController.h */ = {isa = PBXFileReference; fileEncoding = 4; lastKnownFileType = sourcecode.c.h; path = SAVFeedViewController.h; sourceTree = "<group>"; };
		F5A4D20F1A85BCFE00FC353F /* SAVFeedViewController.m */ = {isa = PBXFileReference; fileEncoding = 4; lastKnownFileType = sourcecode.c.objc; path = SAVFeedViewController.m; sourceTree = "<group>"; };
		F5A4D2111A85BD0D00FC353F /* SAVHistoryViewController.h */ = {isa = PBXFileReference; fileEncoding = 4; lastKnownFileType = sourcecode.c.h; path = SAVHistoryViewController.h; sourceTree = "<group>"; };
		F5A4D2121A85BD0D00FC353F /* SAVHistoryViewController.m */ = {isa = PBXFileReference; fileEncoding = 4; lastKnownFileType = sourcecode.c.objc; path = SAVHistoryViewController.m; sourceTree = "<group>"; };
		F5A4D2141A85BD1D00FC353F /* SAVAddViewController.h */ = {isa = PBXFileReference; fileEncoding = 4; lastKnownFileType = sourcecode.c.h; path = SAVAddViewController.h; sourceTree = "<group>"; };
		F5A4D2151A85BD1D00FC353F /* SAVAddViewController.m */ = {isa = PBXFileReference; fileEncoding = 4; lastKnownFileType = sourcecode.c.objc; path = SAVAddViewController.m; sourceTree = "<group>"; };
		F5A4D2191A85BEAB00FC353F /* SAVFeedTableViewCell.h */ = {isa = PBXFileReference; fileEncoding = 4; lastKnownFileType = sourcecode.c.h; path = SAVFeedTableViewCell.h; sourceTree = "<group>"; };
		F5A4D21A1A85BEAB00FC353F /* SAVFeedTableViewCell.m */ = {isa = PBXFileReference; fileEncoding = 4; lastKnownFileType = sourcecode.c.objc; path = SAVFeedTableViewCell.m; sourceTree = "<group>"; };
		F5A4D21B1A85BEAB00FC353F /* SAVFeedTableViewCell.xib */ = {isa = PBXFileReference; fileEncoding = 4; lastKnownFileType = file.xib; path = SAVFeedTableViewCell.xib; sourceTree = "<group>"; };
		F5A4D2231A85D6CC00FC353F /* SAVHistoryTableViewCell.h */ = {isa = PBXFileReference; fileEncoding = 4; lastKnownFileType = sourcecode.c.h; path = SAVHistoryTableViewCell.h; sourceTree = "<group>"; };
		F5A4D2241A85D6CC00FC353F /* SAVHistoryTableViewCell.m */ = {isa = PBXFileReference; fileEncoding = 4; lastKnownFileType = sourcecode.c.objc; path = SAVHistoryTableViewCell.m; sourceTree = "<group>"; };
		F5A4D2251A85D6CC00FC353F /* SAVHistoryTableViewCell.xib */ = {isa = PBXFileReference; fileEncoding = 4; lastKnownFileType = file.xib; path = SAVHistoryTableViewCell.xib; sourceTree = "<group>"; };
		F5A4D2281A85DB5300FC353F /* SAVHistoryDetailViewController.h */ = {isa = PBXFileReference; fileEncoding = 4; lastKnownFileType = sourcecode.c.h; path = SAVHistoryDetailViewController.h; sourceTree = "<group>"; };
		F5A4D2291A85DB5300FC353F /* SAVHistoryDetailViewController.m */ = {isa = PBXFileReference; fileEncoding = 4; lastKnownFileType = sourcecode.c.objc; path = SAVHistoryDetailViewController.m; sourceTree = "<group>"; };
		F5A4D22A1A85DB5300FC353F /* SAVHistoryDetailViewController.xib */ = {isa = PBXFileReference; fileEncoding = 4; lastKnownFileType = file.xib; path = SAVHistoryDetailViewController.xib; sourceTree = "<group>"; };
/* End PBXFileReference section */

/* Begin PBXFrameworksBuildPhase section */
		EB0B67C71A857FAB00156759 /* Frameworks */ = {
			isa = PBXFrameworksBuildPhase;
			buildActionMask = 2147483647;
			files = (
				EB120B5F1A86031B00A7318F /* Accounts.framework in Frameworks */,
				EB120B5D1A86031400A7318F /* Social.framework in Frameworks */,
				EB120B5B1A8600A900A7318F /* OpenGLES.framework in Frameworks */,
				EB120B591A86009B00A7318F /* libicucore.dylib in Frameworks */,
				EB120B571A86009200A7318F /* libc++.dylib in Frameworks */,
				EB120B551A86007800A7318F /* ImageIO.framework in Frameworks */,
				EB120B531A86006E00A7318F /* GLKit.framework in Frameworks */,
				EB120B511A86006400A7318F /* CoreText.framework in Frameworks */,
				EB120B4F1A86005B00A7318F /* CoreData.framework in Frameworks */,
				EB120B4D1A86005000A7318F /* AVFoundation.framework in Frameworks */,
				583214351A85B29300CBBBA5 /* AudioToolbox.framework in Frameworks */,
				583214361A85B29300CBBBA5 /* CFNetwork.framework in Frameworks */,
				583214371A85B29300CBBBA5 /* CoreGraphics.framework in Frameworks */,
				583214381A85B29300CBBBA5 /* CoreLocation.framework in Frameworks */,
				583214391A85B29300CBBBA5 /* libsqlite3.dylib in Frameworks */,
				583214491A85B3B000CBBBA5 /* Parse.framework in Frameworks */,
				5832143A1A85B29300CBBBA5 /* libz.dylib in Frameworks */,
				EB120B421A85DFFF00A7318F /* ParseFacebookUtils.framework in Frameworks */,
				5832143B1A85B29300CBBBA5 /* MobileCoreServices.framework in Frameworks */,
				5832143C1A85B29300CBBBA5 /* QuartzCore.framework in Frameworks */,
				5832143D1A85B29300CBBBA5 /* Security.framework in Frameworks */,
				5832143E1A85B29300CBBBA5 /* StoreKit.framework in Frameworks */,
				5832143F1A85B29300CBBBA5 /* SystemConfiguration.framework in Frameworks */,
				EB120B491A85FFFB00A7318F /* GoogleMaps.framework in Frameworks */,
				EB19EF851A85B74200AA7E24 /* FacebookSDK.framework in Frameworks */,
			);
			runOnlyForDeploymentPostprocessing = 0;
		};
		EB0B67E01A857FAC00156759 /* Frameworks */ = {
			isa = PBXFrameworksBuildPhase;
			buildActionMask = 2147483647;
			files = (
			);
			runOnlyForDeploymentPostprocessing = 0;
		};
/* End PBXFrameworksBuildPhase section */

/* Begin PBXGroup section */
		583214251A85B20400CBBBA5 /* Frameworks */ = {
			isa = PBXGroup;
			children = (
				EB120B5E1A86031B00A7318F /* Accounts.framework */,
				EB120B5C1A86031400A7318F /* Social.framework */,
				EB120B5A1A8600A800A7318F /* OpenGLES.framework */,
				EB120B581A86009B00A7318F /* libicucore.dylib */,
				EB120B561A86009200A7318F /* libc++.dylib */,
				EB120B541A86007800A7318F /* ImageIO.framework */,
				EB120B521A86006E00A7318F /* GLKit.framework */,
				EB120B501A86006400A7318F /* CoreText.framework */,
				EB120B4E1A86005B00A7318F /* CoreData.framework */,
				EB120B4C1A86005000A7318F /* AVFoundation.framework */,
				EB120B481A85FFFB00A7318F /* GoogleMaps.framework */,
				EB120B411A85DFFF00A7318F /* ParseFacebookUtils.framework */,
				EB19EF841A85B74200AA7E24 /* FacebookSDK.framework */,
				583214481A85B3B000CBBBA5 /* Parse.framework */,
				5832142A1A85B29300CBBBA5 /* AudioToolbox.framework */,
				5832142B1A85B29300CBBBA5 /* CFNetwork.framework */,
				5832142C1A85B29300CBBBA5 /* CoreGraphics.framework */,
				5832142D1A85B29300CBBBA5 /* CoreLocation.framework */,
				5832142E1A85B29300CBBBA5 /* libsqlite3.dylib */,
				5832142F1A85B29300CBBBA5 /* libz.dylib */,
				583214301A85B29300CBBBA5 /* MobileCoreServices.framework */,
				583214311A85B29300CBBBA5 /* QuartzCore.framework */,
				583214321A85B29300CBBBA5 /* Security.framework */,
				583214331A85B29300CBBBA5 /* StoreKit.framework */,
				583214341A85B29300CBBBA5 /* SystemConfiguration.framework */,
			);
			name = Frameworks;
			sourceTree = "<group>";
		};
		5832144F1A85B43B00CBBBA5 /* ParseData */ = {
			isa = PBXGroup;
			children = (
				5832144C1A85B43000CBBBA5 /* DataCenter.h */,
				5832144D1A85B43000CBBBA5 /* DataCenter.m */,
				583214501A85B44F00CBBBA5 /* Deal.h */,
				583214511A85B44F00CBBBA5 /* Deal.m */,
			);
			name = ParseData;
			sourceTree = "<group>";
		};
		EB0B67C11A857FAB00156759 = {
			isa = PBXGroup;
			children = (
				EB120B4A1A86002A00A7318F /* GoogleMaps.bundle */,
				583214251A85B20400CBBBA5 /* Frameworks */,
				EB0B67CC1A857FAB00156759 /* TartanHacks */,
				EB0B67E61A857FAC00156759 /* TartanHacksTests */,
				EB0B67CB1A857FAB00156759 /* Products */,
			);
			sourceTree = "<group>";
		};
		EB0B67CB1A857FAB00156759 /* Products */ = {
			isa = PBXGroup;
			children = (
				EB0B67CA1A857FAB00156759 /* TartanHacks.app */,
				EB0B67E31A857FAC00156759 /* TartanHacksTests.xctest */,
			);
			name = Products;
			sourceTree = "<group>";
		};
		EB0B67CC1A857FAB00156759 /* TartanHacks */ = {
			isa = PBXGroup;
			children = (
				8AF2F3F91A863B0200C2D430 /* e78827edf76ccdd53a35747574ce3417.jpg */,
				F5A4D20D1A85BCE300FC353F /* ViewControllers */,
				5832144F1A85B43B00CBBBA5 /* ParseData */,
				EB0B67D11A857FAB00156759 /* AppDelegate.h */,
				EB0B67D21A857FAB00156759 /* AppDelegate.m */,
				EB120B3C1A85CC3800A7318F /* SAVTabBarController.h */,
				EB120B3D1A85CC3800A7318F /* SAVTabBarController.m */,
				EB120B3E1A85CC3800A7318F /* SAVTabBarController.xib */,
				EB19EF861A85B8F800AA7E24 /* SAVLoginViewController.h */,
				EB19EF871A85B8F800AA7E24 /* SAVLoginViewController.m */,
				EB0B67DA1A857FAB00156759 /* Images.xcassets */,
				EB0B67CD1A857FAB00156759 /* Supporting Files */,
			);
			path = TartanHacks;
			sourceTree = "<group>";
		};
		EB0B67CD1A857FAB00156759 /* Supporting Files */ = {
			isa = PBXGroup;
			children = (
				EB0B67CE1A857FAB00156759 /* Info.plist */,
				EB0B67CF1A857FAB00156759 /* main.m */,
			);
			name = "Supporting Files";
			sourceTree = "<group>";
		};
		EB0B67E61A857FAC00156759 /* TartanHacksTests */ = {
			isa = PBXGroup;
			children = (
				EB0B67E91A857FAC00156759 /* TartanHacksTests.m */,
				EB0B67E71A857FAC00156759 /* Supporting Files */,
			);
			path = TartanHacksTests;
			sourceTree = "<group>";
		};
		EB0B67E71A857FAC00156759 /* Supporting Files */ = {
			isa = PBXGroup;
			children = (
				EB0B67E81A857FAC00156759 /* Info.plist */,
			);
			name = "Supporting Files";
			sourceTree = "<group>";
		};
		F5A4D20D1A85BCE300FC353F /* ViewControllers */ = {
			isa = PBXGroup;
			children = (
				EB120B431A85F7E600A7318F /* SAVSettingsViewController.h */,
				EB120B441A85F7E600A7318F /* SAVSettingsViewController.m */,
				EB120B451A85F7E600A7318F /* SAVSettingsViewController.xib */,
				F5A4D2191A85BEAB00FC353F /* SAVFeedTableViewCell.h */,
				F5A4D21A1A85BEAB00FC353F /* SAVFeedTableViewCell.m */,
				F5A4D21B1A85BEAB00FC353F /* SAVFeedTableViewCell.xib */,
				F5A4D20E1A85BCFE00FC353F /* SAVFeedViewController.h */,
				F5A4D20F1A85BCFE00FC353F /* SAVFeedViewController.m */,
				F5A4D2231A85D6CC00FC353F /* SAVHistoryTableViewCell.h */,
				F5A4D2241A85D6CC00FC353F /* SAVHistoryTableViewCell.m */,
				F5A4D2251A85D6CC00FC353F /* SAVHistoryTableViewCell.xib */,
				F5A4D2111A85BD0D00FC353F /* SAVHistoryViewController.h */,
				F5A4D2121A85BD0D00FC353F /* SAVHistoryViewController.m */,
				F5A4D2281A85DB5300FC353F /* SAVHistoryDetailViewController.h */,
				F5A4D2291A85DB5300FC353F /* SAVHistoryDetailViewController.m */,
				F5A4D22A1A85DB5300FC353F /* SAVHistoryDetailViewController.xib */,
				F5A4D2141A85BD1D00FC353F /* SAVAddViewController.h */,
				8AF2F3FF1A86467D00C2D430 /* SAVAddViewController.xib */,
				F5A4D2151A85BD1D00FC353F /* SAVAddViewController.m */,
				580A14331A85D4CE00259209 /* SAVFeedDetailView.h */,
				580A14341A85D4CE00259209 /* SAVFeedDetailView.m */,
				580A14361A85D62800259209 /* SAVFeedDetailView.xib */,
			);
			name = ViewControllers;
			sourceTree = "<group>";
		};
/* End PBXGroup section */

/* Begin PBXNativeTarget section */
		EB0B67C91A857FAB00156759 /* TartanHacks */ = {
			isa = PBXNativeTarget;
			buildConfigurationList = EB0B67ED1A857FAC00156759 /* Build configuration list for PBXNativeTarget "TartanHacks" */;
			buildPhases = (
				EB0B67C61A857FAB00156759 /* Sources */,
				EB0B67C71A857FAB00156759 /* Frameworks */,
				EB0B67C81A857FAB00156759 /* Resources */,
			);
			buildRules = (
			);
			dependencies = (
			);
			name = TartanHacks;
			productName = TartanHacks;
			productReference = EB0B67CA1A857FAB00156759 /* TartanHacks.app */;
			productType = "com.apple.product-type.application";
		};
		EB0B67E21A857FAC00156759 /* TartanHacksTests */ = {
			isa = PBXNativeTarget;
			buildConfigurationList = EB0B67F01A857FAC00156759 /* Build configuration list for PBXNativeTarget "TartanHacksTests" */;
			buildPhases = (
				EB0B67DF1A857FAC00156759 /* Sources */,
				EB0B67E01A857FAC00156759 /* Frameworks */,
				EB0B67E11A857FAC00156759 /* Resources */,
			);
			buildRules = (
			);
			dependencies = (
				EB0B67E51A857FAC00156759 /* PBXTargetDependency */,
			);
			name = TartanHacksTests;
			productName = TartanHacksTests;
			productReference = EB0B67E31A857FAC00156759 /* TartanHacksTests.xctest */;
			productType = "com.apple.product-type.bundle.unit-test";
		};
/* End PBXNativeTarget section */

/* Begin PBXProject section */
		EB0B67C21A857FAB00156759 /* Project object */ = {
			isa = PBXProject;
			attributes = {
				LastUpgradeCheck = 0610;
				ORGANIZATIONNAME = SLZA;
				TargetAttributes = {
					EB0B67C91A857FAB00156759 = {
						CreatedOnToolsVersion = 6.1.1;
						DevelopmentTeam = AJ8FG6Q86E;
					};
					EB0B67E21A857FAC00156759 = {
						CreatedOnToolsVersion = 6.1.1;
						DevelopmentTeam = AJ8FG6Q86E;
						TestTargetID = EB0B67C91A857FAB00156759;
					};
				};
			};
			buildConfigurationList = EB0B67C51A857FAB00156759 /* Build configuration list for PBXProject "TartanHacks" */;
			compatibilityVersion = "Xcode 3.2";
			developmentRegion = English;
			hasScannedForEncodings = 0;
			knownRegions = (
				en,
				Base,
			);
			mainGroup = EB0B67C11A857FAB00156759;
			productRefGroup = EB0B67CB1A857FAB00156759 /* Products */;
			projectDirPath = "";
			projectRoot = "";
			targets = (
				EB0B67C91A857FAB00156759 /* TartanHacks */,
				EB0B67E21A857FAC00156759 /* TartanHacksTests */,
			);
		};
/* End PBXProject section */

/* Begin PBXResourcesBuildPhase section */
		EB0B67C81A857FAB00156759 /* Resources */ = {
			isa = PBXResourcesBuildPhase;
			buildActionMask = 2147483647;
			files = (
				EB120B4B1A86002A00A7318F /* GoogleMaps.bundle in Resources */,
				8AF2F4001A86467D00C2D430 /* SAVAddViewController.xib in Resources */,
				EB120B471A85F7E600A7318F /* SAVSettingsViewController.xib in Resources */,
				F5A4D21D1A85BEAB00FC353F /* SAVFeedTableViewCell.xib in Resources */,
				EB0B67DB1A857FAB00156759 /* Images.xcassets in Resources */,
				8AF2F3FA1A863B0200C2D430 /* e78827edf76ccdd53a35747574ce3417.jpg in Resources */,
				EB120B401A85CC3800A7318F /* SAVTabBarController.xib in Resources */,
				580A14371A85D62800259209 /* SAVFeedDetailView.xib in Resources */,
				F5A4D2271A85D6CC00FC353F /* SAVHistoryTableViewCell.xib in Resources */,
				F5A4D22C1A85DB5300FC353F /* SAVHistoryDetailViewController.xib in Resources */,
			);
			runOnlyForDeploymentPostprocessing = 0;
		};
		EB0B67E11A857FAC00156759 /* Resources */ = {
			isa = PBXResourcesBuildPhase;
			buildActionMask = 2147483647;
			files = (
			);
			runOnlyForDeploymentPostprocessing = 0;
		};
/* End PBXResourcesBuildPhase section */

/* Begin PBXSourcesBuildPhase section */
		EB0B67C61A857FAB00156759 /* Sources */ = {
			isa = PBXSourcesBuildPhase;
			buildActionMask = 2147483647;
			files = (
				EB120B461A85F7E600A7318F /* SAVSettingsViewController.m in Sources */,
				F5A4D2131A85BD0D00FC353F /* SAVHistoryViewController.m in Sources */,
				583214521A85B44F00CBBBA5 /* Deal.m in Sources */,
				580A14351A85D4CE00259209 /* SAVFeedDetailView.m in Sources */,
				5832144E1A85B43000CBBBA5 /* DataCenter.m in Sources */,
				F5A4D2171A85BD1D00FC353F /* SAVAddViewController.m in Sources */,
				EB120B3F1A85CC3800A7318F /* SAVTabBarController.m in Sources */,
				F5A4D21C1A85BEAB00FC353F /* SAVFeedTableViewCell.m in Sources */,
				EB0B67D31A857FAB00156759 /* AppDelegate.m in Sources */,
				F5A4D2101A85BCFE00FC353F /* SAVFeedViewController.m in Sources */,
				EB0B67D01A857FAB00156759 /* main.m in Sources */,
				F5A4D22B1A85DB5300FC353F /* SAVHistoryDetailViewController.m in Sources */,
				EB19EF881A85B8F800AA7E24 /* SAVLoginViewController.m in Sources */,
				F5A4D2261A85D6CC00FC353F /* SAVHistoryTableViewCell.m in Sources */,
			);
			runOnlyForDeploymentPostprocessing = 0;
		};
		EB0B67DF1A857FAC00156759 /* Sources */ = {
			isa = PBXSourcesBuildPhase;
			buildActionMask = 2147483647;
			files = (
				EB0B67EA1A857FAC00156759 /* TartanHacksTests.m in Sources */,
			);
			runOnlyForDeploymentPostprocessing = 0;
		};
/* End PBXSourcesBuildPhase section */

/* Begin PBXTargetDependency section */
		EB0B67E51A857FAC00156759 /* PBXTargetDependency */ = {
			isa = PBXTargetDependency;
			target = EB0B67C91A857FAB00156759 /* TartanHacks */;
			targetProxy = EB0B67E41A857FAC00156759 /* PBXContainerItemProxy */;
		};
/* End PBXTargetDependency section */

/* Begin XCBuildConfiguration section */
		EB0B67EB1A857FAC00156759 /* Debug */ = {
			isa = XCBuildConfiguration;
			buildSettings = {
				ALWAYS_SEARCH_USER_PATHS = NO;
				CLANG_CXX_LANGUAGE_STANDARD = "gnu++0x";
				CLANG_CXX_LIBRARY = "libc++";
				CLANG_ENABLE_MODULES = YES;
				CLANG_ENABLE_OBJC_ARC = YES;
				CLANG_WARN_BOOL_CONVERSION = YES;
				CLANG_WARN_CONSTANT_CONVERSION = YES;
				CLANG_WARN_DIRECT_OBJC_ISA_USAGE = YES_ERROR;
				CLANG_WARN_EMPTY_BODY = YES;
				CLANG_WARN_ENUM_CONVERSION = YES;
				CLANG_WARN_INT_CONVERSION = YES;
				CLANG_WARN_OBJC_ROOT_CLASS = YES_ERROR;
				CLANG_WARN_UNREACHABLE_CODE = YES;
				CLANG_WARN__DUPLICATE_METHOD_MATCH = YES;
				CODE_SIGN_IDENTITY = "Apple Development IOS Push Services: me.slza.TartanHacks";
				"CODE_SIGN_IDENTITY[sdk=iphoneos*]" = "Apple Development IOS Push Services: me.slza.TartanHacks";
				COPY_PHASE_STRIP = NO;
				ENABLE_STRICT_OBJC_MSGSEND = YES;
				GCC_C_LANGUAGE_STANDARD = gnu99;
				GCC_DYNAMIC_NO_PIC = NO;
				GCC_OPTIMIZATION_LEVEL = 0;
				GCC_PREPROCESSOR_DEFINITIONS = (
					"DEBUG=1",
					"$(inherited)",
				);
				GCC_SYMBOLS_PRIVATE_EXTERN = NO;
				GCC_WARN_64_TO_32_BIT_CONVERSION = YES;
				GCC_WARN_ABOUT_RETURN_TYPE = YES_ERROR;
				GCC_WARN_UNDECLARED_SELECTOR = YES;
				GCC_WARN_UNINITIALIZED_AUTOS = YES_AGGRESSIVE;
				GCC_WARN_UNUSED_FUNCTION = YES;
				GCC_WARN_UNUSED_VARIABLE = YES;
				IPHONEOS_DEPLOYMENT_TARGET = 8.1;
				MTL_ENABLE_DEBUG_INFO = YES;
				ONLY_ACTIVE_ARCH = YES;
				SDKROOT = iphoneos;
			};
			name = Debug;
		};
		EB0B67EC1A857FAC00156759 /* Release */ = {
			isa = XCBuildConfiguration;
			buildSettings = {
				ALWAYS_SEARCH_USER_PATHS = NO;
				CLANG_CXX_LANGUAGE_STANDARD = "gnu++0x";
				CLANG_CXX_LIBRARY = "libc++";
				CLANG_ENABLE_MODULES = YES;
				CLANG_ENABLE_OBJC_ARC = YES;
				CLANG_WARN_BOOL_CONVERSION = YES;
				CLANG_WARN_CONSTANT_CONVERSION = YES;
				CLANG_WARN_DIRECT_OBJC_ISA_USAGE = YES_ERROR;
				CLANG_WARN_EMPTY_BODY = YES;
				CLANG_WARN_ENUM_CONVERSION = YES;
				CLANG_WARN_INT_CONVERSION = YES;
				CLANG_WARN_OBJC_ROOT_CLASS = YES_ERROR;
				CLANG_WARN_UNREACHABLE_CODE = YES;
				CLANG_WARN__DUPLICATE_METHOD_MATCH = YES;
				CODE_SIGN_IDENTITY = "Apple Development IOS Push Services: me.slza.TartanHacks";
				"CODE_SIGN_IDENTITY[sdk=iphoneos*]" = "Apple Development IOS Push Services: me.slza.TartanHacks";
				COPY_PHASE_STRIP = YES;
				ENABLE_NS_ASSERTIONS = NO;
				ENABLE_STRICT_OBJC_MSGSEND = YES;
				GCC_C_LANGUAGE_STANDARD = gnu99;
				GCC_WARN_64_TO_32_BIT_CONVERSION = YES;
				GCC_WARN_ABOUT_RETURN_TYPE = YES_ERROR;
				GCC_WARN_UNDECLARED_SELECTOR = YES;
				GCC_WARN_UNINITIALIZED_AUTOS = YES_AGGRESSIVE;
				GCC_WARN_UNUSED_FUNCTION = YES;
				GCC_WARN_UNUSED_VARIABLE = YES;
				IPHONEOS_DEPLOYMENT_TARGET = 8.1;
				MTL_ENABLE_DEBUG_INFO = NO;
				SDKROOT = iphoneos;
				VALIDATE_PRODUCT = YES;
			};
			name = Release;
		};
		EB0B67EE1A857FAC00156759 /* Debug */ = {
			isa = XCBuildConfiguration;
			buildSettings = {
				ASSETCATALOG_COMPILER_APPICON_NAME = AppIcon;
				CODE_SIGN_IDENTITY = "iPhone Developer";
				"CODE_SIGN_IDENTITY[sdk=iphoneos*]" = "iPhone Developer";
				FRAMEWORK_SEARCH_PATHS = (
					"$(inherited)",
					"$(PROJECT_DIR)",
				);
				INFOPLIST_FILE = TartanHacks/Info.plist;
				LD_RUNPATH_SEARCH_PATHS = "$(inherited) @executable_path/Frameworks";
				OTHER_LDFLAGS = "-ObjC";
				PRODUCT_NAME = "$(TARGET_NAME)";
				PROVISIONING_PROFILE = "";
			};
			name = Debug;
		};
		EB0B67EF1A857FAC00156759 /* Release */ = {
			isa = XCBuildConfiguration;
			buildSettings = {
				ASSETCATALOG_COMPILER_APPICON_NAME = AppIcon;
				CODE_SIGN_IDENTITY = "iPhone Developer";
				"CODE_SIGN_IDENTITY[sdk=iphoneos*]" = "iPhone Developer";
				FRAMEWORK_SEARCH_PATHS = (
					"$(inherited)",
					"$(PROJECT_DIR)",
				);
				INFOPLIST_FILE = TartanHacks/Info.plist;
				LD_RUNPATH_SEARCH_PATHS = "$(inherited) @executable_path/Frameworks";
				OTHER_LDFLAGS = "-ObjC";
				PRODUCT_NAME = "$(TARGET_NAME)";
				PROVISIONING_PROFILE = "";
			};
			name = Release;
		};
		EB0B67F11A857FAC00156759 /* Debug */ = {
			isa = XCBuildConfiguration;
			buildSettings = {
				BUNDLE_LOADER = "$(TEST_HOST)";
				CODE_SIGN_IDENTITY = "iPhone Developer";
				"CODE_SIGN_IDENTITY[sdk=iphoneos*]" = "iPhone Developer";
				FRAMEWORK_SEARCH_PATHS = (
					"$(SDKROOT)/Developer/Library/Frameworks",
					"$(inherited)",
				);
				GCC_PREPROCESSOR_DEFINITIONS = (
					"DEBUG=1",
					"$(inherited)",
				);
				INFOPLIST_FILE = TartanHacksTests/Info.plist;
				LD_RUNPATH_SEARCH_PATHS = "$(inherited) @executable_path/Frameworks @loader_path/Frameworks";
				PRODUCT_NAME = "$(TARGET_NAME)";
				PROVISIONING_PROFILE = "";
				TEST_HOST = "$(BUILT_PRODUCTS_DIR)/TartanHacks.app/TartanHacks";
			};
			name = Debug;
		};
		EB0B67F21A857FAC00156759 /* Release */ = {
			isa = XCBuildConfiguration;
			buildSettings = {
				BUNDLE_LOADER = "$(TEST_HOST)";
				CODE_SIGN_IDENTITY = "iPhone Developer";
				"CODE_SIGN_IDENTITY[sdk=iphoneos*]" = "iPhone Developer";
				FRAMEWORK_SEARCH_PATHS = (
					"$(SDKROOT)/Developer/Library/Frameworks",
					"$(inherited)",
				);
				INFOPLIST_FILE = TartanHacksTests/Info.plist;
				LD_RUNPATH_SEARCH_PATHS = "$(inherited) @executable_path/Frameworks @loader_path/Frameworks";
				PRODUCT_NAME = "$(TARGET_NAME)";
				PROVISIONING_PROFILE = "";
				TEST_HOST = "$(BUILT_PRODUCTS_DIR)/TartanHacks.app/TartanHacks";
			};
			name = Release;
		};
/* End XCBuildConfiguration section */

/* Begin XCConfigurationList section */
		EB0B67C51A857FAB00156759 /* Build configuration list for PBXProject "TartanHacks" */ = {
			isa = XCConfigurationList;
			buildConfigurations = (
				EB0B67EB1A857FAC00156759 /* Debug */,
				EB0B67EC1A857FAC00156759 /* Release */,
			);
			defaultConfigurationIsVisible = 0;
			defaultConfigurationName = Release;
		};
		EB0B67ED1A857FAC00156759 /* Build configuration list for PBXNativeTarget "TartanHacks" */ = {
			isa = XCConfigurationList;
			buildConfigurations = (
				EB0B67EE1A857FAC00156759 /* Debug */,
				EB0B67EF1A857FAC00156759 /* Release */,
			);
			defaultConfigurationIsVisible = 0;
			defaultConfigurationName = Release;
		};
		EB0B67F01A857FAC00156759 /* Build configuration list for PBXNativeTarget "TartanHacksTests" */ = {
			isa = XCConfigurationList;
			buildConfigurations = (
				EB0B67F11A857FAC00156759 /* Debug */,
				EB0B67F21A857FAC00156759 /* Release */,
			);
			defaultConfigurationIsVisible = 0;
			defaultConfigurationName = Release;
		};
/* End XCConfigurationList section */
	};
	rootObject = EB0B67C21A857FAB00156759 /* Project object */;
}
