// !$*UTF8*$!
{
	archiveVersion = 1;
	classes = {
	};
	objectVersion = 46;
	objects = {

/* Begin PBXBuildFile section */
		EB0B67D01A857FAB00156759 /* main.m in Sources */ = {isa = PBXBuildFile; fileRef = EB0B67CF1A857FAB00156759 /* main.m */; };
		EB0B67D31A857FAB00156759 /* AppDelegate.m in Sources */ = {isa = PBXBuildFile; fileRef = EB0B67D21A857FAB00156759 /* AppDelegate.m */; };
		EB0B67DB1A857FAB00156759 /* Images.xcassets in Resources */ = {isa = PBXBuildFile; fileRef = EB0B67DA1A857FAB00156759 /* Images.xcassets */; };
		EB0B67EA1A857FAC00156759 /* TartanHacksTests.m in Sources */ = {isa = PBXBuildFile; fileRef = EB0B67E91A857FAC00156759 /* TartanHacksTests.m */; };
		EBDEDE4A1A85ACF1001612B0 /* SAVPerson.m in Sources */ = {isa = PBXBuildFile; fileRef = EBDEDE491A85ACF1001612B0 /* SAVPerson.m */; };
		EBDEDE4D1A85ACFC001612B0 /* SAVDeal.m in Sources */ = {isa = PBXBuildFile; fileRef = EBDEDE4C1A85ACFC001612B0 /* SAVDeal.m */; };
/* End PBXBuildFile section */

/* Begin PBXContainerItemProxy section */
		EB0B67E41A857FAC00156759 /* PBXContainerItemProxy */ = {
			isa = PBXContainerItemProxy;
			containerPortal = EB0B67C21A857FAB00156759 /* Project object */;
			proxyType = 1;
			remoteGlobalIDString = EB0B67C91A857FAB00156759;
			remoteInfo = TartanHacks;
		};
/* End PBXContainerItemProxy section */

/* Begin PBXFileReference section */
		EB0B67CA1A857FAB00156759 /* TartanHacks.app */ = {isa = PBXFileReference; explicitFileType = wrapper.application; includeInIndex = 0; path = TartanHacks.app; sourceTree = BUILT_PRODUCTS_DIR; };
		EB0B67CE1A857FAB00156759 /* Info.plist */ = {isa = PBXFileReference; lastKnownFileType = text.plist.xml; path = Info.plist; sourceTree = "<group>"; };
		EB0B67CF1A857FAB00156759 /* main.m */ = {isa = PBXFileReference; lastKnownFileType = sourcecode.c.objc; path = main.m; sourceTree = "<group>"; };
		EB0B67D11A857FAB00156759 /* AppDelegate.h */ = {isa = PBXFileReference; lastKnownFileType = sourcecode.c.h; path = AppDelegate.h; sourceTree = "<group>"; };
		EB0B67D21A857FAB00156759 /* AppDelegate.m */ = {isa = PBXFileReference; lastKnownFileType = sourcecode.c.objc; path = AppDelegate.m; sourceTree = "<group>"; };
		EB0B67DA1A857FAB00156759 /* Images.xcassets */ = {isa = PBXFileReference; lastKnownFileType = folder.assetcatalog; path = Images.xcassets; sourceTree = "<group>"; };
		EB0B67E31A857FAC00156759 /* TartanHacksTests.xctest */ = {isa = PBXFileReference; explicitFileType = wrapper.cfbundle; includeInIndex = 0; path = TartanHacksTests.xctest; sourceTree = BUILT_PRODUCTS_DIR; };
		EB0B67E81A857FAC00156759 /* Info.plist */ = {isa = PBXFileReference; lastKnownFileType = text.plist.xml; path = Info.plist; sourceTree = "<group>"; };
		EB0B67E91A857FAC00156759 /* TartanHacksTests.m */ = {isa = PBXFileReference; lastKnownFileType = sourcecode.c.objc; path = TartanHacksTests.m; sourceTree = "<group>"; };
		EBDEDE481A85ACF1001612B0 /* SAVPerson.h */ = {isa = PBXFileReference; fileEncoding = 4; lastKnownFileType = sourcecode.c.h; path = SAVPerson.h; sourceTree = "<group>"; };
		EBDEDE491A85ACF1001612B0 /* SAVPerson.m */ = {isa = PBXFileReference; fileEncoding = 4; lastKnownFileType = sourcecode.c.objc; path = SAVPerson.m; sourceTree = "<group>"; };
		EBDEDE4B1A85ACFC001612B0 /* SAVDeal.h */ = {isa = PBXFileReference; fileEncoding = 4; lastKnownFileType = sourcecode.c.h; path = SAVDeal.h; sourceTree = "<group>"; };
		EBDEDE4C1A85ACFC001612B0 /* SAVDeal.m */ = {isa = PBXFileReference; fileEncoding = 4; lastKnownFileType = sourcecode.c.objc; path = SAVDeal.m; sourceTree = "<group>"; };
/* End PBXFileReference section */

/* Begin PBXFrameworksBuildPhase section */
		EB0B67C71A857FAB00156759 /* Frameworks */ = {
			isa = PBXFrameworksBuildPhase;
			buildActionMask = 2147483647;
			files = (
			);
			runOnlyForDeploymentPostprocessing = 0;
		};
		EB0B67E01A857FAC00156759 /* Frameworks */ = {
			isa = PBXFrameworksBuildPhase;
			buildActionMask = 2147483647;
			files = (
			);
			runOnlyForDeploymentPostprocessing = 0;
		};
/* End PBXFrameworksBuildPhase section */

/* Begin PBXGroup section */
		EB0B67C11A857FAB00156759 = {
			isa = PBXGroup;
			children = (
				EB0B67CC1A857FAB00156759 /* TartanHacks */,
				EB0B67E61A857FAC00156759 /* TartanHacksTests */,
				EB0B67CB1A857FAB00156759 /* Products */,
			);
			sourceTree = "<group>";
		};
		EB0B67CB1A857FAB00156759 /* Products */ = {
			isa = PBXGroup;
			children = (
				EB0B67CA1A857FAB00156759 /* TartanHacks.app */,
				EB0B67E31A857FAC00156759 /* TartanHacksTests.xctest */,
			);
			name = Products;
			sourceTree = "<group>";
		};
		EB0B67CC1A857FAB00156759 /* TartanHacks */ = {
			isa = PBXGroup;
			children = (
				EB0B67D11A857FAB00156759 /* AppDelegate.h */,
				EB0B67D21A857FAB00156759 /* AppDelegate.m */,
				EBDEDE481A85ACF1001612B0 /* SAVPerson.h */,
				EBDEDE491A85ACF1001612B0 /* SAVPerson.m */,
				EBDEDE4B1A85ACFC001612B0 /* SAVDeal.h */,
				EBDEDE4C1A85ACFC001612B0 /* SAVDeal.m */,
				EB0B67DA1A857FAB00156759 /* Images.xcassets */,
				EB0B67CD1A857FAB00156759 /* Supporting Files */,
			);
			path = TartanHacks;
			sourceTree = "<group>";
		};
		EB0B67CD1A857FAB00156759 /* Supporting Files */ = {
			isa = PBXGroup;
			children = (
				EB0B67CE1A857FAB00156759 /* Info.plist */,
				EB0B67CF1A857FAB00156759 /* main.m */,
			);
			name = "Supporting Files";
			sourceTree = "<group>";
		};
		EB0B67E61A857FAC00156759 /* TartanHacksTests */ = {
			isa = PBXGroup;
			children = (
				EB0B67E91A857FAC00156759 /* TartanHacksTests.m */,
				EB0B67E71A857FAC00156759 /* Supporting Files */,
			);
			path = TartanHacksTests;
			sourceTree = "<group>";
		};
		EB0B67E71A857FAC00156759 /* Supporting Files */ = {
			isa = PBXGroup;
			children = (
				EB0B67E81A857FAC00156759 /* Info.plist */,
			);
			name = "Supporting Files";
			sourceTree = "<group>";
		};
/* End PBXGroup section */

/* Begin PBXNativeTarget section */
		EB0B67C91A857FAB00156759 /* TartanHacks */ = {
			isa = PBXNativeTarget;
			buildConfigurationList = EB0B67ED1A857FAC00156759 /* Build configuration list for PBXNativeTarget "TartanHacks" */;
			buildPhases = (
				EB0B67C61A857FAB00156759 /* Sources */,
				EB0B67C71A857FAB00156759 /* Frameworks */,
				EB0B67C81A857FAB00156759 /* Resources */,
			);
			buildRules = (
			);
			dependencies = (
			);
			name = TartanHacks;
			productName = TartanHacks;
			productReference = EB0B67CA1A857FAB00156759 /* TartanHacks.app */;
			productType = "com.apple.product-type.application";
		};
		EB0B67E21A857FAC00156759 /* TartanHacksTests */ = {
			isa = PBXNativeTarget;
			buildConfigurationList = EB0B67F01A857FAC00156759 /* Build configuration list for PBXNativeTarget "TartanHacksTests" */;
			buildPhases = (
				EB0B67DF1A857FAC00156759 /* Sources */,
				EB0B67E01A857FAC00156759 /* Frameworks */,
				EB0B67E11A857FAC00156759 /* Resources */,
			);
			buildRules = (
			);
			dependencies = (
				EB0B67E51A857FAC00156759 /* PBXTargetDependency */,
			);
			name = TartanHacksTests;
			productName = TartanHacksTests;
			productReference = EB0B67E31A857FAC00156759 /* TartanHacksTests.xctest */;
			productType = "com.apple.product-type.bundle.unit-test";
		};
/* End PBXNativeTarget section */

/* Begin PBXProject section */
		EB0B67C21A857FAB00156759 /* Project object */ = {
			isa = PBXProject;
			attributes = {
				LastUpgradeCheck = 0610;
				ORGANIZATIONNAME = SLZA;
				TargetAttributes = {
					EB0B67C91A857FAB00156759 = {
						CreatedOnToolsVersion = 6.1.1;
					};
					EB0B67E21A857FAC00156759 = {
						CreatedOnToolsVersion = 6.1.1;
						TestTargetID = EB0B67C91A857FAB00156759;
					};
				};
			};
			buildConfigurationList = EB0B67C51A857FAB00156759 /* Build configuration list for PBXProject "TartanHacks" */;
			compatibilityVersion = "Xcode 3.2";
			developmentRegion = English;
			hasScannedForEncodings = 0;
			knownRegions = (
				en,
				Base,
			);
			mainGroup = EB0B67C11A857FAB00156759;
			productRefGroup = EB0B67CB1A857FAB00156759 /* Products */;
			projectDirPath = "";
			projectRoot = "";
			targets = (
				EB0B67C91A857FAB00156759 /* TartanHacks */,
				EB0B67E21A857FAC00156759 /* TartanHacksTests */,
			);
		};
/* End PBXProject section */

/* Begin PBXResourcesBuildPhase section */
		EB0B67C81A857FAB00156759 /* Resources */ = {
			isa = PBXResourcesBuildPhase;
			buildActionMask = 2147483647;
			files = (
				EB0B67DB1A857FAB00156759 /* Images.xcassets in Resources */,
			);
			runOnlyForDeploymentPostprocessing = 0;
		};
		EB0B67E11A857FAC00156759 /* Resources */ = {
			isa = PBXResourcesBuildPhase;
			buildActionMask = 2147483647;
			files = (
			);
			runOnlyForDeploymentPostprocessing = 0;
		};
/* End PBXResourcesBuildPhase section */

/* Begin PBXSourcesBuildPhase section */
		EB0B67C61A857FAB00156759 /* Sources */ = {
			isa = PBXSourcesBuildPhase;
			buildActionMask = 2147483647;
			files = (
				EBDEDE4D1A85ACFC001612B0 /* SAVDeal.m in Sources */,
				EB0B67D31A857FAB00156759 /* AppDelegate.m in Sources */,
				EBDEDE4A1A85ACF1001612B0 /* SAVPerson.m in Sources */,
				EB0B67D01A857FAB00156759 /* main.m in Sources */,
			);
			runOnlyForDeploymentPostprocessing = 0;
		};
		EB0B67DF1A857FAC00156759 /* Sources */ = {
			isa = PBXSourcesBuildPhase;
			buildActionMask = 2147483647;
			files = (
				EB0B67EA1A857FAC00156759 /* TartanHacksTests.m in Sources */,
			);
			runOnlyForDeploymentPostprocessing = 0;
		};
/* End PBXSourcesBuildPhase section */

/* Begin PBXTargetDependency section */
		EB0B67E51A857FAC00156759 /* PBXTargetDependency */ = {
			isa = PBXTargetDependency;
			target = EB0B67C91A857FAB00156759 /* TartanHacks */;
			targetProxy = EB0B67E41A857FAC00156759 /* PBXContainerItemProxy */;
		};
/* End PBXTargetDependency section */

/* Begin XCBuildConfiguration section */
		EB0B67EB1A857FAC00156759 /* Debug */ = {
			isa = XCBuildConfiguration;
			buildSettings = {
				ALWAYS_SEARCH_USER_PATHS = NO;
				CLANG_CXX_LANGUAGE_STANDARD = "gnu++0x";
				CLANG_CXX_LIBRARY = "libc++";
				CLANG_ENABLE_MODULES = YES;
				CLANG_ENABLE_OBJC_ARC = YES;
				CLANG_WARN_BOOL_CONVERSION = YES;
				CLANG_WARN_CONSTANT_CONVERSION = YES;
				CLANG_WARN_DIRECT_OBJC_ISA_USAGE = YES_ERROR;
				CLANG_WARN_EMPTY_BODY = YES;
				CLANG_WARN_ENUM_CONVERSION = YES;
				CLANG_WARN_INT_CONVERSION = YES;
				CLANG_WARN_OBJC_ROOT_CLASS = YES_ERROR;
				CLANG_WARN_UNREACHABLE_CODE = YES;
				CLANG_WARN__DUPLICATE_METHOD_MATCH = YES;
				"CODE_SIGN_IDENTITY[sdk=iphoneos*]" = "iPhone Developer";
				COPY_PHASE_STRIP = NO;
				ENABLE_STRICT_OBJC_MSGSEND = YES;
				GCC_C_LANGUAGE_STANDARD = gnu99;
				GCC_DYNAMIC_NO_PIC = NO;
				GCC_OPTIMIZATION_LEVEL = 0;
				GCC_PREPROCESSOR_DEFINITIONS = (
					"DEBUG=1",
					"$(inherited)",
				);
				GCC_SYMBOLS_PRIVATE_EXTERN = NO;
				GCC_WARN_64_TO_32_BIT_CONVERSION = YES;
				GCC_WARN_ABOUT_RETURN_TYPE = YES_ERROR;
				GCC_WARN_UNDECLARED_SELECTOR = YES;
				GCC_WARN_UNINITIALIZED_AUTOS = YES_AGGRESSIVE;
				GCC_WARN_UNUSED_FUNCTION = YES;
				GCC_WARN_UNUSED_VARIABLE = YES;
				IPHONEOS_DEPLOYMENT_TARGET = 8.1;
				MTL_ENABLE_DEBUG_INFO = YES;
				ONLY_ACTIVE_ARCH = YES;
				SDKROOT = iphoneos;
			};
			name = Debug;
		};
		EB0B67EC1A857FAC00156759 /* Release */ = {
			isa = XCBuildConfiguration;
			buildSettings = {
				ALWAYS_SEARCH_USER_PATHS = NO;
				CLANG_CXX_LANGUAGE_STANDARD = "gnu++0x";
				CLANG_CXX_LIBRARY = "libc++";
				CLANG_ENABLE_MODULES = YES;
				CLANG_ENABLE_OBJC_ARC = YES;
				CLANG_WARN_BOOL_CONVERSION = YES;
				CLANG_WARN_CONSTANT_CONVERSION = YES;
				CLANG_WARN_DIRECT_OBJC_ISA_USAGE = YES_ERROR;
				CLANG_WARN_EMPTY_BODY = YES;
				CLANG_WARN_ENUM_CONVERSION = YES;
				CLANG_WARN_INT_CONVERSION = YES;
				CLANG_WARN_OBJC_ROOT_CLASS = YES_ERROR;
				CLANG_WARN_UNREACHABLE_CODE = YES;
				CLANG_WARN__DUPLICATE_METHOD_MATCH = YES;
				"CODE_SIGN_IDENTITY[sdk=iphoneos*]" = "iPhone Developer";
				COPY_PHASE_STRIP = YES;
				ENABLE_NS_ASSERTIONS = NO;
				ENABLE_STRICT_OBJC_MSGSEND = YES;
				GCC_C_LANGUAGE_STANDARD = gnu99;
				GCC_WARN_64_TO_32_BIT_CONVERSION = YES;
				GCC_WARN_ABOUT_RETURN_TYPE = YES_ERROR;
				GCC_WARN_UNDECLARED_SELECTOR = YES;
				GCC_WARN_UNINITIALIZED_AUTOS = YES_AGGRESSIVE;
				GCC_WARN_UNUSED_FUNCTION = YES;
				GCC_WARN_UNUSED_VARIABLE = YES;
				IPHONEOS_DEPLOYMENT_TARGET = 8.1;
				MTL_ENABLE_DEBUG_INFO = NO;
				SDKROOT = iphoneos;
				VALIDATE_PRODUCT = YES;
			};
			name = Release;
		};
		EB0B67EE1A857FAC00156759 /* Debug */ = {
			isa = XCBuildConfiguration;
			buildSettings = {
				ASSETCATALOG_COMPILER_APPICON_NAME = AppIcon;
				INFOPLIST_FILE = TartanHacks/Info.plist;
				LD_RUNPATH_SEARCH_PATHS = "$(inherited) @executable_path/Frameworks";
				PRODUCT_NAME = "$(TARGET_NAME)";
			};
			name = Debug;
		};
		EB0B67EF1A857FAC00156759 /* Release */ = {
			isa = XCBuildConfiguration;
			buildSettings = {
				ASSETCATALOG_COMPILER_APPICON_NAME = AppIcon;
				INFOPLIST_FILE = TartanHacks/Info.plist;
				LD_RUNPATH_SEARCH_PATHS = "$(inherited) @executable_path/Frameworks";
				PRODUCT_NAME = "$(TARGET_NAME)";
			};
			name = Release;
		};
		EB0B67F11A857FAC00156759 /* Debug */ = {
			isa = XCBuildConfiguration;
			buildSettings = {
				BUNDLE_LOADER = "$(TEST_HOST)";
				FRAMEWORK_SEARCH_PATHS = (
					"$(SDKROOT)/Developer/Library/Frameworks",
					"$(inherited)",
				);
				GCC_PREPROCESSOR_DEFINITIONS = (
					"DEBUG=1",
					"$(inherited)",
				);
				INFOPLIST_FILE = TartanHacksTests/Info.plist;
				LD_RUNPATH_SEARCH_PATHS = "$(inherited) @executable_path/Frameworks @loader_path/Frameworks";
				PRODUCT_NAME = "$(TARGET_NAME)";
				TEST_HOST = "$(BUILT_PRODUCTS_DIR)/TartanHacks.app/TartanHacks";
			};
			name = Debug;
		};
		EB0B67F21A857FAC00156759 /* Release */ = {
			isa = XCBuildConfiguration;
			buildSettings = {
				BUNDLE_LOADER = "$(TEST_HOST)";
				FRAMEWORK_SEARCH_PATHS = (
					"$(SDKROOT)/Developer/Library/Frameworks",
					"$(inherited)",
				);
				INFOPLIST_FILE = TartanHacksTests/Info.plist;
				LD_RUNPATH_SEARCH_PATHS = "$(inherited) @executable_path/Frameworks @loader_path/Frameworks";
				PRODUCT_NAME = "$(TARGET_NAME)";
				TEST_HOST = "$(BUILT_PRODUCTS_DIR)/TartanHacks.app/TartanHacks";
			};
			name = Release;
		};
/* End XCBuildConfiguration section */

/* Begin XCConfigurationList section */
		EB0B67C51A857FAB00156759 /* Build configuration list for PBXProject "TartanHacks" */ = {
			isa = XCConfigurationList;
			buildConfigurations = (
				EB0B67EB1A857FAC00156759 /* Debug */,
				EB0B67EC1A857FAC00156759 /* Release */,
			);
			defaultConfigurationIsVisible = 0;
			defaultConfigurationName = Release;
		};
		EB0B67ED1A857FAC00156759 /* Build configuration list for PBXNativeTarget "TartanHacks" */ = {
			isa = XCConfigurationList;
			buildConfigurations = (
				EB0B67EE1A857FAC00156759 /* Debug */,
				EB0B67EF1A857FAC00156759 /* Release */,
			);
			defaultConfigurationIsVisible = 0;
			defaultConfigurationName = Release;
		};
		EB0B67F01A857FAC00156759 /* Build configuration list for PBXNativeTarget "TartanHacksTests" */ = {
			isa = XCConfigurationList;
			buildConfigurations = (
				EB0B67F11A857FAC00156759 /* Debug */,
				EB0B67F21A857FAC00156759 /* Release */,
			);
			defaultConfigurationIsVisible = 0;
			defaultConfigurationName = Release;
		};
/* End XCConfigurationList section */
	};
	rootObject = EB0B67C21A857FAB00156759 /* Project object */;
}
